
Microsoft Visual Studio Solution File, Format Version 12.00
# Visual Studio Version 16
VisualStudioVersion = 16.0.30320.27
MinimumVisualStudioVersion = 10.0.40219.1
Project("{FAE04EC0-301F-11D3-BF4B-00C04F79EFBC}") = "Ecommerce.WebApi", "Ecommerce.WebApi\Ecommerce.WebApi.csproj", "{4E7BB278-BB49-4370-9873-A55C3A150032}"
EndProject
Project("{FAE04EC0-301F-11D3-BF4B-00C04F79EFBC}") = "Ecommerce.Service", "Ecommerce.Service\Ecommerce.Service.csproj", "{24A90DB0-9E02-49B5-9762-EF856A46D420}"
EndProject
Global
	GlobalSection(SolutionConfigurationPlatforms) = preSolution
		Debug|Any CPU = Debug|Any CPU
		Release|Any CPU = Release|Any CPU
	EndGlobalSection
	GlobalSection(ProjectConfigurationPlatforms) = postSolution
		{4E7BB278-BB49-4370-9873-A55C3A150032}.Debug|Any CPU.ActiveCfg = Debug|Any CPU
		{4E7BB278-BB49-4370-9873-A55C3A150032}.Debug|Any CPU.Build.0 = Debug|Any CPU
		{4E7BB278-BB49-4370-9873-A55C3A150032}.Release|Any CPU.ActiveCfg = Release|Any CPU
		{4E7BB278-BB49-4370-9873-A55C3A150032}.Release|Any CPU.Build.0 = Release|Any CPU
		{24A90DB0-9E02-49B5-9762-EF856A46D420}.Debug|Any CPU.ActiveCfg = Debug|Any CPU
		{24A90DB0-9E02-49B5-9762-EF856A46D420}.Debug|Any CPU.Build.0 = Debug|Any CPU
		{24A90DB0-9E02-49B5-9762-EF856A46D420}.Release|Any CPU.ActiveCfg = Release|Any CPU
		{24A90DB0-9E02-49B5-9762-EF856A46D420}.Release|Any CPU.Build.0 = Release|Any CPU
	EndGlobalSection
	GlobalSection(SolutionProperties) = preSolution
		HideSolutionNode = FALSE
	EndGlobalSection
	GlobalSection(ExtensibilityGlobals) = postSolution
		SolutionGuid = {6285374A-6611-42ED-BA1F-290AADB0B417}
	EndGlobalSection
EndGlobal
